# This file is automatically @generated by Poetry 1.8.3 and should not be changed by hand.

[[package]]
name = "fuckit"
version = "4.8.1"
description = "The Python Error Steamroller"
optional = false
python-versions = "*"
files = [
    {file = "fuckit-4.8.1.zip", hash = "sha256:059488e6aa2053da9db5eb5101e2498f608314da5118bf2385acb864568ccc25"},
]

[package.extras]
testing = ["nose"]

[[package]]
name = "pyserial"
version = "3.5"
description = "Python Serial Port Extension"
optional = false
python-versions = "*"
files = [
    {file = "pyserial-3.5-py2.py3-none-any.whl", hash = "sha256:c4451db6ba391ca6ca299fb3ec7bae67a5c55dde170964c7a14ceefec02f2cf0"},
    {file = "pyserial-3.5.tar.gz", hash = "sha256:3c77e014170dfffbd816e6ffc205e9842efb10be9f58ec16d3e8675b4925cddb"},
]

[package.extras]
cp2110 = ["hidapi"]

[[package]]
name = "python-decouple"
version = "3.8"
description = "Strict separation of settings from code."
optional = false
python-versions = "*"
files = [
    {file = "python-decouple-3.8.tar.gz", hash = "sha256:ba6e2657d4f376ecc46f77a3a615e058d93ba5e465c01bbe57289bfb7cce680f"},
    {file = "python_decouple-3.8-py3-none-any.whl", hash = "sha256:d0d45340815b25f4de59c974b855bb38d03151d81b037d9e3f463b0c9f8cbd66"},
]

[metadata]
lock-version = "2.0"
python-versions = "^3.12.5"
content-hash = "a04cc7ca4e681d98359809c6b61dee6f3832d890bb779a85121fdc862e7af4fa"
